
Microsoft Visual Studio Solution File, Format Version 12.00
# Visual Studio Version 17
VisualStudioVersion = 17.9.34616.47
MinimumVisualStudioVersion = 10.0.40219.1
Project("{FAE04EC0-301F-11D3-BF4B-00C04F79EFBC}") = "Task1", "LabWork22\Task1.csproj", "{1449F73D-B010-4B7F-A5F5-72E10BB21F21}"
EndProject
Project("{FAE04EC0-301F-11D3-BF4B-00C04F79EFBC}") = "Task2", "Task2\Task2.csproj", "{DA987A0C-499B-4CE1-9115-31AA115B237D}"
EndProject
Project("{FAE04EC0-301F-11D3-BF4B-00C04F79EFBC}") = "Task3", "Task3\Task3.csproj", "{3F1FE682-1B38-43F7-B6CE-3C94E9C84E52}"
EndProject
Global
	GlobalSection(SolutionConfigurationPlatforms) = preSolution
		Debug|Any CPU = Debug|Any CPU
		Release|Any CPU = Release|Any CPU
	EndGlobalSection
	GlobalSection(ProjectConfigurationPlatforms) = postSolution
		{1449F73D-B010-4B7F-A5F5-72E10BB21F21}.Debug|Any CPU.ActiveCfg = Debug|Any CPU
		{1449F73D-B010-4B7F-A5F5-72E10BB21F21}.Debug|Any CPU.Build.0 = Debug|Any CPU
		{1449F73D-B010-4B7F-A5F5-72E10BB21F21}.Release|Any CPU.ActiveCfg = Release|Any CPU
		{1449F73D-B010-4B7F-A5F5-72E10BB21F21}.Release|Any CPU.Build.0 = Release|Any CPU
		{DA987A0C-499B-4CE1-9115-31AA115B237D}.Debug|Any CPU.ActiveCfg = Debug|Any CPU
		{DA987A0C-499B-4CE1-9115-31AA115B237D}.Debug|Any CPU.Build.0 = Debug|Any CPU
		{DA987A0C-499B-4CE1-9115-31AA115B237D}.Release|Any CPU.ActiveCfg = Release|Any CPU
		{DA987A0C-499B-4CE1-9115-31AA115B237D}.Release|Any CPU.Build.0 = Release|Any CPU
		{3F1FE682-1B38-43F7-B6CE-3C94E9C84E52}.Debug|Any CPU.ActiveCfg = Debug|Any CPU
		{3F1FE682-1B38-43F7-B6CE-3C94E9C84E52}.Debug|Any CPU.Build.0 = Debug|Any CPU
		{3F1FE682-1B38-43F7-B6CE-3C94E9C84E52}.Release|Any CPU.ActiveCfg = Release|Any CPU
		{3F1FE682-1B38-43F7-B6CE-3C94E9C84E52}.Release|Any CPU.Build.0 = Release|Any CPU
	EndGlobalSection
	GlobalSection(SolutionProperties) = preSolution
		HideSolutionNode = FALSE
	EndGlobalSection
	GlobalSection(ExtensibilityGlobals) = postSolution
		SolutionGuid = {43C74137-F258-4E9E-9B27-CA55C4622B34}
	EndGlobalSection
EndGlobal
